
Microsoft Visual Studio Solution File, Format Version 12.00
# Visual Studio Version 16
VisualStudioVersion = 16.0.31205.134
MinimumVisualStudioVersion = 10.0.40219.1
Project("{FAE04EC0-301F-11D3-BF4B-00C04F79EFBC}") = "ContactUSForm", "ContactUSForm\ContactUSForm.csproj", "{3C96A21B-94AB-4B71-B839-B5881F04E171}"
EndProject
Global
	GlobalSection(SolutionConfigurationPlatforms) = preSolution
		Debug|Any CPU = Debug|Any CPU
		Release|Any CPU = Release|Any CPU
	EndGlobalSection
	GlobalSection(ProjectConfigurationPlatforms) = postSolution
		{3C96A21B-94AB-4B71-B839-B5881F04E171}.Debug|Any CPU.ActiveCfg = Debug|Any CPU
		{3C96A21B-94AB-4B71-B839-B5881F04E171}.Debug|Any CPU.Build.0 = Debug|Any CPU
		{3C96A21B-94AB-4B71-B839-B5881F04E171}.Release|Any CPU.ActiveCfg = Release|Any CPU
		{3C96A21B-94AB-4B71-B839-B5881F04E171}.Release|Any CPU.Build.0 = Release|Any CPU
	EndGlobalSection
	GlobalSection(SolutionProperties) = preSolution
		HideSolutionNode = FALSE
	EndGlobalSection
	GlobalSection(ExtensibilityGlobals) = postSolution
		SolutionGuid = {E59797C2-FB2C-433E-B6C1-E3A4C91F95E9}
	EndGlobalSection
EndGlobal
